
Microsoft Visual Studio Solution File, Format Version 12.00
VisualStudioVersion = 17.1.31903.286
MinimumVisualStudioVersion = 10.0.40219.1
Project("{2150E333-8FDC-42A3-9474-1A3956D46DE8}") = "src", "src", "{27E70918-C7EB-4711-BCB9-CE1C9C0A5C5B}"
	ProjectSection(SolutionItems) = preProject
		src\Directory.Build.props = src\Directory.Build.props
	EndProjectSection
EndProject
Project("{2150E333-8FDC-42A3-9474-1A3956D46DE8}") = "test", "test", "{2C77C898-B581-47F6-A8BF-3C1EE589F052}"
	ProjectSection(SolutionItems) = preProject
		test\Directory.Build.props = test\Directory.Build.props
	EndProjectSection
EndProject
Project("{FAE04EC0-301F-11D3-BF4B-00C04F79EFBC}") = "SecTester.Core", "src\SecTester.Core\SecTester.Core.csproj", "{F5E1A845-BDCF-46D0-A8FE-CE47D41D35F7}"
EndProject
Project("{FAE04EC0-301F-11D3-BF4B-00C04F79EFBC}") = "SecTester.Core.Tests", "test\SecTester.Core.Tests\SecTester.Core.Tests.csproj", "{5608AF78-4476-47F0-8CEB-FD9849E8778B}"
EndProject
Project("{FAE04EC0-301F-11D3-BF4B-00C04F79EFBC}") = "SecTester.Scan", "src\SecTester.Scan\SecTester.Scan.csproj", "{A48670DA-9103-4AAB-8914-6B7FDCD8654E}"
EndProject
Project("{FAE04EC0-301F-11D3-BF4B-00C04F79EFBC}") = "SecTester.Scan.Tests", "test\SecTester.Scan.Tests\SecTester.Scan.Tests.csproj", "{0B9D9422-FBB0-4B21-B3C1-9927DDEDA702}"
EndProject
Project("{FAE04EC0-301F-11D3-BF4B-00C04F79EFBC}") = "SecTester.Repeater", "src\SecTester.Repeater\SecTester.Repeater.csproj", "{64E65289-A36D-46C6-9410-6B2040A51E8A}"
EndProject
Project("{FAE04EC0-301F-11D3-BF4B-00C04F79EFBC}") = "SecTester.Repeater.Tests", "test\SecTester.Repeater.Tests\SecTester.Repeater.Tests.csproj", "{853E5140-4448-41EA-8F2B-9C9FF2B5491E}"
EndProject
Project("{FAE04EC0-301F-11D3-BF4B-00C04F79EFBC}") = "SecTester.Reporter", "src\SecTester.Reporter\SecTester.Reporter.csproj", "{368F1410-F710-4678-8376-7FC356CFD338}"
EndProject
Project("{FAE04EC0-301F-11D3-BF4B-00C04F79EFBC}") = "SecTester.Reporter.Tests", "test\SecTester.Reporter.Tests\SecTester.Reporter.Tests.csproj", "{5FC5E230-64F6-45F1-8661-1FF856FA6BC6}"
EndProject
Project("{FAE04EC0-301F-11D3-BF4B-00C04F79EFBC}") = "SecTester.Runner", "src\SecTester.Runner\SecTester.Runner.csproj", "{04925C89-BC69-4E21-AC39-046333B3A3F9}"
EndProject
Project("{FAE04EC0-301F-11D3-BF4B-00C04F79EFBC}") = "SecTester.Runner.Tests", "test\SecTester.Runner.Tests\SecTester.Runner.Tests.csproj", "{9ECC9AD1-C61E-4B26-9BD2-3735CC41BC36}"
EndProject

Global
	GlobalSection(SolutionConfigurationPlatforms) = preSolution
		Debug|Any CPU = Debug|Any CPU
		Release|Any CPU = Release|Any CPU
	EndGlobalSection
	GlobalSection(ProjectConfigurationPlatforms) = postSolution
		{F5E1A845-BDCF-46D0-A8FE-CE47D41D35F7}.Debug|Any CPU.ActiveCfg = Debug|Any CPU
		{F5E1A845-BDCF-46D0-A8FE-CE47D41D35F7}.Debug|Any CPU.Build.0 = Debug|Any CPU
		{F5E1A845-BDCF-46D0-A8FE-CE47D41D35F7}.Release|Any CPU.ActiveCfg = Release|Any CPU
		{F5E1A845-BDCF-46D0-A8FE-CE47D41D35F7}.Release|Any CPU.Build.0 = Release|Any CPU
		{5608AF78-4476-47F0-8CEB-FD9849E8778B}.Debug|Any CPU.ActiveCfg = Debug|Any CPU
		{5608AF78-4476-47F0-8CEB-FD9849E8778B}.Debug|Any CPU.Build.0 = Debug|Any CPU
		{5608AF78-4476-47F0-8CEB-FD9849E8778B}.Release|Any CPU.ActiveCfg = Release|Any CPU
		{5608AF78-4476-47F0-8CEB-FD9849E8778B}.Release|Any CPU.Build.0 = Release|Any CPU
		{A48670DA-9103-4AAB-8914-6B7FDCD8654E}.Debug|Any CPU.ActiveCfg = Debug|Any CPU
		{A48670DA-9103-4AAB-8914-6B7FDCD8654E}.Debug|Any CPU.Build.0 = Debug|Any CPU
		{A48670DA-9103-4AAB-8914-6B7FDCD8654E}.Release|Any CPU.ActiveCfg = Release|Any CPU
		{A48670DA-9103-4AAB-8914-6B7FDCD8654E}.Release|Any CPU.Build.0 = Release|Any CPU
		{0B9D9422-FBB0-4B21-B3C1-9927DDEDA702}.Debug|Any CPU.ActiveCfg = Debug|Any CPU
		{0B9D9422-FBB0-4B21-B3C1-9927DDEDA702}.Debug|Any CPU.Build.0 = Debug|Any CPU
		{0B9D9422-FBB0-4B21-B3C1-9927DDEDA702}.Release|Any CPU.ActiveCfg = Release|Any CPU
		{0B9D9422-FBB0-4B21-B3C1-9927DDEDA702}.Release|Any CPU.Build.0 = Release|Any CPU
		{64E65289-A36D-46C6-9410-6B2040A51E8A}.Debug|Any CPU.ActiveCfg = Debug|Any CPU
		{64E65289-A36D-46C6-9410-6B2040A51E8A}.Debug|Any CPU.Build.0 = Debug|Any CPU
		{64E65289-A36D-46C6-9410-6B2040A51E8A}.Release|Any CPU.ActiveCfg = Release|Any CPU
		{64E65289-A36D-46C6-9410-6B2040A51E8A}.Release|Any CPU.Build.0 = Release|Any CPU
		{853E5140-4448-41EA-8F2B-9C9FF2B5491E}.Debug|Any CPU.ActiveCfg = Debug|Any CPU
		{853E5140-4448-41EA-8F2B-9C9FF2B5491E}.Debug|Any CPU.Build.0 = Debug|Any CPU
		{853E5140-4448-41EA-8F2B-9C9FF2B5491E}.Release|Any CPU.ActiveCfg = Release|Any CPU
		{853E5140-4448-41EA-8F2B-9C9FF2B5491E}.Release|Any CPU.Build.0 = Release|Any CPU
		{368F1410-F710-4678-8376-7FC356CFD338}.Debug|Any CPU.ActiveCfg = Debug|Any CPU
		{368F1410-F710-4678-8376-7FC356CFD338}.Debug|Any CPU.Build.0 = Debug|Any CPU
		{368F1410-F710-4678-8376-7FC356CFD338}.Release|Any CPU.ActiveCfg = Release|Any CPU
		{368F1410-F710-4678-8376-7FC356CFD338}.Release|Any CPU.Build.0 = Release|Any CPU
		{5FC5E230-64F6-45F1-8661-1FF856FA6BC6}.Debug|Any CPU.ActiveCfg = Debug|Any CPU
		{5FC5E230-64F6-45F1-8661-1FF856FA6BC6}.Debug|Any CPU.Build.0 = Debug|Any CPU
		{5FC5E230-64F6-45F1-8661-1FF856FA6BC6}.Release|Any CPU.ActiveCfg = Release|Any CPU
		{5FC5E230-64F6-45F1-8661-1FF856FA6BC6}.Release|Any CPU.Build.0 = Release|Any CPU
		{04925C89-BC69-4E21-AC39-046333B3A3F9}.Debug|Any CPU.ActiveCfg = Debug|Any CPU
		{04925C89-BC69-4E21-AC39-046333B3A3F9}.Debug|Any CPU.Build.0 = Debug|Any CPU
		{04925C89-BC69-4E21-AC39-046333B3A3F9}.Release|Any CPU.ActiveCfg = Release|Any CPU
		{04925C89-BC69-4E21-AC39-046333B3A3F9}.Release|Any CPU.Build.0 = Release|Any CPU
		{9ECC9AD1-C61E-4B26-9BD2-3735CC41BC36}.Debug|Any CPU.ActiveCfg = Debug|Any CPU
		{9ECC9AD1-C61E-4B26-9BD2-3735CC41BC36}.Debug|Any CPU.Build.0 = Debug|Any CPU
		{9ECC9AD1-C61E-4B26-9BD2-3735CC41BC36}.Release|Any CPU.ActiveCfg = Release|Any CPU
		{9ECC9AD1-C61E-4B26-9BD2-3735CC41BC36}.Release|Any CPU.Build.0 = Release|Any CPU
	EndGlobalSection
	GlobalSection(NestedProjects) = preSolution
		{F5E1A845-BDCF-46D0-A8FE-CE47D41D35F7} = {27E70918-C7EB-4711-BCB9-CE1C9C0A5C5B}
		{A48670DA-9103-4AAB-8914-6B7FDCD8654E} = {27E70918-C7EB-4711-BCB9-CE1C9C0A5C5B}
		{64E65289-A36D-46C6-9410-6B2040A51E8A} = {27E70918-C7EB-4711-BCB9-CE1C9C0A5C5B}
				{5608AF78-4476-47F0-8CEB-FD9849E8778B} = {2C77C898-B581-47F6-A8BF-3C1EE589F052}
				{0B9D9422-FBB0-4B21-B3C1-9927DDEDA702} = {2C77C898-B581-47F6-A8BF-3C1EE589F052}
		{853E5140-4448-41EA-8F2B-9C9FF2B5491E} = {2C77C898-B581-47F6-A8BF-3C1EE589F052}
		{368F1410-F710-4678-8376-7FC356CFD338} = {27E70918-C7EB-4711-BCB9-CE1C9C0A5C5B}
		{5FC5E230-64F6-45F1-8661-1FF856FA6BC6} = {2C77C898-B581-47F6-A8BF-3C1EE589F052}
		{04925C89-BC69-4E21-AC39-046333B3A3F9} = {27E70918-C7EB-4711-BCB9-CE1C9C0A5C5B}
		{9ECC9AD1-C61E-4B26-9BD2-3735CC41BC36} = {2C77C898-B581-47F6-A8BF-3C1EE589F052}
	EndGlobalSection
EndGlobal
